// !$*UTF8*$!
{
	archiveVersion = 1;
	classes = {
	};
	objectVersion = 55;
	objects = {

/* Begin PBXBuildFile section */
		C62E30B92892B98800E65EE3 /* PremierLeagueTableApp.swift in Sources */ = {isa = PBXBuildFile; fileRef = C62E30B82892B98800E65EE3 /* PremierLeagueTableApp.swift */; };
		C62E30BB2892B98800E65EE3 /* ContentView.swift in Sources */ = {isa = PBXBuildFile; fileRef = C62E30BA2892B98800E65EE3 /* ContentView.swift */; };
		C62E30BD2892B98A00E65EE3 /* Assets.xcassets in Resources */ = {isa = PBXBuildFile; fileRef = C62E30BC2892B98A00E65EE3 /* Assets.xcassets */; };
		C62E30C02892B98A00E65EE3 /* Preview Assets.xcassets in Resources */ = {isa = PBXBuildFile; fileRef = C62E30BF2892B98A00E65EE3 /* Preview Assets.xcassets */; };
		C62E30CA2892B98A00E65EE3 /* PremierLeagueTableTests.swift in Sources */ = {isa = PBXBuildFile; fileRef = C62E30C92892B98A00E65EE3 /* PremierLeagueTableTests.swift */; };
		C62E30D42892B98A00E65EE3 /* PremierLeagueTableUITests.swift in Sources */ = {isa = PBXBuildFile; fileRef = C62E30D32892B98A00E65EE3 /* PremierLeagueTableUITests.swift */; };
		C62E30D62892B98A00E65EE3 /* PremierLeagueTableUITestsLaunchTests.swift in Sources */ = {isa = PBXBuildFile; fileRef = C62E30D52892B98A00E65EE3 /* PremierLeagueTableUITestsLaunchTests.swift */; };
		C62E30E42892BA0C00E65EE3 /* LeagueTable.json in Resources */ = {isa = PBXBuildFile; fileRef = C62E30E32892BA0C00E65EE3 /* LeagueTable.json */; };
		C62E30E62892BEFA00E65EE3 /* Services.swift in Sources */ = {isa = PBXBuildFile; fileRef = C62E30E52892BEFA00E65EE3 /* Services.swift */; };
		C62E30E92892BFC100E65EE3 /* PremTeamsDTO.swift in Sources */ = {isa = PBXBuildFile; fileRef = C62E30E82892BFC100E65EE3 /* PremTeamsDTO.swift */; };
		C68D29622892D47D00F1B0D5 /* PremTable.swift in Sources */ = {isa = PBXBuildFile; fileRef = C68D29612892D47D00F1B0D5 /* PremTable.swift */; };
		C68D2983289411C000F1B0D5 /* OFL.txt in Resources */ = {isa = PBXBuildFile; fileRef = C68D2970289411C000F1B0D5 /* OFL.txt */; };
		C68D2989289411C000F1B0D5 /* Poppins-SemiBold.ttf in Resources */ = {isa = PBXBuildFile; fileRef = C68D2976289411C000F1B0D5 /* Poppins-SemiBold.ttf */; };
		C6FE2990289E9880006CDE2C /* Fonts.swift in Sources */ = {isa = PBXBuildFile; fileRef = C6FE298F289E9880006CDE2C /* Fonts.swift */; };
		C6FE2992289E9C1C006CDE2C /* Transitions.swift in Sources */ = {isa = PBXBuildFile; fileRef = C6FE2991289E9C1C006CDE2C /* Transitions.swift */; };
		C6FE2994289EAE05006CDE2C /* Colors.swift in Sources */ = {isa = PBXBuildFile; fileRef = C6FE2993289EAE05006CDE2C /* Colors.swift */; };
		C6FE2999289EC2C2006CDE2C /* SplashShape.swift in Sources */ = {isa = PBXBuildFile; fileRef = C6FE2998289EC2C2006CDE2C /* SplashShape.swift */; };
		C6FE299E289EF925006CDE2C /* LeagueTable.swift in Sources */ = {isa = PBXBuildFile; fileRef = C6FE299D289EF925006CDE2C /* LeagueTable.swift */; };
		C6FE29A0289EF9E2006CDE2C /* ExpandButton.swift in Sources */ = {isa = PBXBuildFile; fileRef = C6FE299F289EF9E2006CDE2C /* ExpandButton.swift */; };
		C6FE29A2289EFA92006CDE2C /* LeagueTableHeaders.swift in Sources */ = {isa = PBXBuildFile; fileRef = C6FE29A1289EFA92006CDE2C /* LeagueTableHeaders.swift */; };
		C6FE29A4289EFEB0006CDE2C /* LeagueTableRow.swift in Sources */ = {isa = PBXBuildFile; fileRef = C6FE29A3289EFEB0006CDE2C /* LeagueTableRow.swift */; };
		C6FE29A6289EFFF2006CDE2C /* RankView.swift in Sources */ = {isa = PBXBuildFile; fileRef = C6FE29A5289EFFF2006CDE2C /* RankView.swift */; };
		C6FE29A8289F0085006CDE2C /* FramedText.swift in Sources */ = {isa = PBXBuildFile; fileRef = C6FE29A7289F0085006CDE2C /* FramedText.swift */; };
/* End PBXBuildFile section */

/* Begin PBXContainerItemProxy section */
		C62E30C62892B98A00E65EE3 /* PBXContainerItemProxy */ = {
			isa = PBXContainerItemProxy;
			containerPortal = C62E30AD2892B98800E65EE3 /* Project object */;
			proxyType = 1;
			remoteGlobalIDString = C62E30B42892B98800E65EE3;
			remoteInfo = PremierLeagueTable;
		};
		C62E30D02892B98A00E65EE3 /* PBXContainerItemProxy */ = {
			isa = PBXContainerItemProxy;
			containerPortal = C62E30AD2892B98800E65EE3 /* Project object */;
			proxyType = 1;
			remoteGlobalIDString = C62E30B42892B98800E65EE3;
			remoteInfo = PremierLeagueTable;
		};
/* End PBXContainerItemProxy section */

/* Begin PBXFileReference section */
		C62E30B52892B98800E65EE3 /* PremierLeagueTable.app */ = {isa = PBXFileReference; explicitFileType = wrapper.application; includeInIndex = 0; path = PremierLeagueTable.app; sourceTree = BUILT_PRODUCTS_DIR; };
		C62E30B82892B98800E65EE3 /* PremierLeagueTableApp.swift */ = {isa = PBXFileReference; lastKnownFileType = sourcecode.swift; path = PremierLeagueTableApp.swift; sourceTree = "<group>"; };
		C62E30BA2892B98800E65EE3 /* ContentView.swift */ = {isa = PBXFileReference; lastKnownFileType = sourcecode.swift; path = ContentView.swift; sourceTree = "<group>"; };
		C62E30BC2892B98A00E65EE3 /* Assets.xcassets */ = {isa = PBXFileReference; lastKnownFileType = folder.assetcatalog; path = Assets.xcassets; sourceTree = "<group>"; };
		C62E30BF2892B98A00E65EE3 /* Preview Assets.xcassets */ = {isa = PBXFileReference; lastKnownFileType = folder.assetcatalog; path = "Preview Assets.xcassets"; sourceTree = "<group>"; };
		C62E30C52892B98A00E65EE3 /* PremierLeagueTableTests.xctest */ = {isa = PBXFileReference; explicitFileType = wrapper.cfbundle; includeInIndex = 0; path = PremierLeagueTableTests.xctest; sourceTree = BUILT_PRODUCTS_DIR; };
		C62E30C92892B98A00E65EE3 /* PremierLeagueTableTests.swift */ = {isa = PBXFileReference; lastKnownFileType = sourcecode.swift; path = PremierLeagueTableTests.swift; sourceTree = "<group>"; };
		C62E30CF2892B98A00E65EE3 /* PremierLeagueTableUITests.xctest */ = {isa = PBXFileReference; explicitFileType = wrapper.cfbundle; includeInIndex = 0; path = PremierLeagueTableUITests.xctest; sourceTree = BUILT_PRODUCTS_DIR; };
		C62E30D32892B98A00E65EE3 /* PremierLeagueTableUITests.swift */ = {isa = PBXFileReference; lastKnownFileType = sourcecode.swift; path = PremierLeagueTableUITests.swift; sourceTree = "<group>"; };
		C62E30D52892B98A00E65EE3 /* PremierLeagueTableUITestsLaunchTests.swift */ = {isa = PBXFileReference; lastKnownFileType = sourcecode.swift; path = PremierLeagueTableUITestsLaunchTests.swift; sourceTree = "<group>"; };
		C62E30E32892BA0C00E65EE3 /* LeagueTable.json */ = {isa = PBXFileReference; lastKnownFileType = text.json; path = LeagueTable.json; sourceTree = "<group>"; };
		C62E30E52892BEFA00E65EE3 /* Services.swift */ = {isa = PBXFileReference; lastKnownFileType = sourcecode.swift; path = Services.swift; sourceTree = "<group>"; };
		C62E30E82892BFC100E65EE3 /* PremTeamsDTO.swift */ = {isa = PBXFileReference; lastKnownFileType = sourcecode.swift; path = PremTeamsDTO.swift; sourceTree = "<group>"; };
		C68D29612892D47D00F1B0D5 /* PremTable.swift */ = {isa = PBXFileReference; lastKnownFileType = sourcecode.swift; path = PremTable.swift; sourceTree = "<group>"; };
		C68D2970289411C000F1B0D5 /* OFL.txt */ = {isa = PBXFileReference; fileEncoding = 4; lastKnownFileType = text; path = OFL.txt; sourceTree = "<group>"; };
		C68D2976289411C000F1B0D5 /* Poppins-SemiBold.ttf */ = {isa = PBXFileReference; lastKnownFileType = file; path = "Poppins-SemiBold.ttf"; sourceTree = "<group>"; };
		C68D298C2894132800F1B0D5 /* Info.plist */ = {isa = PBXFileReference; lastKnownFileType = text.plist; path = Info.plist; sourceTree = "<group>"; };
		C6FE298F289E9880006CDE2C /* Fonts.swift */ = {isa = PBXFileReference; lastKnownFileType = sourcecode.swift; path = Fonts.swift; sourceTree = "<group>"; };
		C6FE2991289E9C1C006CDE2C /* Transitions.swift */ = {isa = PBXFileReference; lastKnownFileType = sourcecode.swift; path = Transitions.swift; sourceTree = "<group>"; };
		C6FE2993289EAE05006CDE2C /* Colors.swift */ = {isa = PBXFileReference; lastKnownFileType = sourcecode.swift; path = Colors.swift; sourceTree = "<group>"; };
		C6FE2998289EC2C2006CDE2C /* SplashShape.swift */ = {isa = PBXFileReference; lastKnownFileType = sourcecode.swift; path = SplashShape.swift; sourceTree = "<group>"; };
		C6FE299D289EF925006CDE2C /* LeagueTable.swift */ = {isa = PBXFileReference; lastKnownFileType = sourcecode.swift; path = LeagueTable.swift; sourceTree = "<group>"; };
		C6FE299F289EF9E2006CDE2C /* ExpandButton.swift */ = {isa = PBXFileReference; lastKnownFileType = sourcecode.swift; path = ExpandButton.swift; sourceTree = "<group>"; };
		C6FE29A1289EFA92006CDE2C /* LeagueTableHeaders.swift */ = {isa = PBXFileReference; lastKnownFileType = sourcecode.swift; path = LeagueTableHeaders.swift; sourceTree = "<group>"; };
		C6FE29A3289EFEB0006CDE2C /* LeagueTableRow.swift */ = {isa = PBXFileReference; lastKnownFileType = sourcecode.swift; path = LeagueTableRow.swift; sourceTree = "<group>"; };
		C6FE29A5289EFFF2006CDE2C /* RankView.swift */ = {isa = PBXFileReference; lastKnownFileType = sourcecode.swift; path = RankView.swift; sourceTree = "<group>"; };
		C6FE29A7289F0085006CDE2C /* FramedText.swift */ = {isa = PBXFileReference; lastKnownFileType = sourcecode.swift; path = FramedText.swift; sourceTree = "<group>"; };
/* End PBXFileReference section */

/* Begin PBXFrameworksBuildPhase section */
		C62E30B22892B98800E65EE3 /* Frameworks */ = {
			isa = PBXFrameworksBuildPhase;
			buildActionMask = 2147483647;
			files = (
			);
			runOnlyForDeploymentPostprocessing = 0;
		};
		C62E30C22892B98A00E65EE3 /* Frameworks */ = {
			isa = PBXFrameworksBuildPhase;
			buildActionMask = 2147483647;
			files = (
			);
			runOnlyForDeploymentPostprocessing = 0;
		};
		C62E30CC2892B98A00E65EE3 /* Frameworks */ = {
			isa = PBXFrameworksBuildPhase;
			buildActionMask = 2147483647;
			files = (
			);
			runOnlyForDeploymentPostprocessing = 0;
		};
/* End PBXFrameworksBuildPhase section */

/* Begin PBXGroup section */
		C62E30AC2892B98800E65EE3 = {
			isa = PBXGroup;
			children = (
				C62E30B72892B98800E65EE3 /* PremierLeagueTable */,
				C62E30C82892B98A00E65EE3 /* PremierLeagueTableTests */,
				C62E30D22892B98A00E65EE3 /* PremierLeagueTableUITests */,
				C62E30B62892B98800E65EE3 /* Products */,
			);
			sourceTree = "<group>";
		};
		C62E30B62892B98800E65EE3 /* Products */ = {
			isa = PBXGroup;
			children = (
				C62E30B52892B98800E65EE3 /* PremierLeagueTable.app */,
				C62E30C52892B98A00E65EE3 /* PremierLeagueTableTests.xctest */,
				C62E30CF2892B98A00E65EE3 /* PremierLeagueTableUITests.xctest */,
			);
			name = Products;
			sourceTree = "<group>";
		};
		C62E30B72892B98800E65EE3 /* PremierLeagueTable */ = {
			isa = PBXGroup;
			children = (
				C68D298C2894132800F1B0D5 /* Info.plist */,
				C62E30B82892B98800E65EE3 /* PremierLeagueTableApp.swift */,
				C62E30BA2892B98800E65EE3 /* ContentView.swift */,
				C62E30E52892BEFA00E65EE3 /* Services.swift */,
				C62E30BC2892B98A00E65EE3 /* Assets.xcassets */,
				C6FE299C289EF90E006CDE2C /* Views */,
				C62E30E72892BFB000E65EE3 /* Models */,
				C6FE298E289E986C006CDE2C /* Utilities */,
				C62E30BE2892B98A00E65EE3 /* Preview Content */,
				C62E30E22892B9C600E65EE3 /* Supporting Files */,
			);
			path = PremierLeagueTable;
			sourceTree = "<group>";
		};
		C62E30BE2892B98A00E65EE3 /* Preview Content */ = {
			isa = PBXGroup;
			children = (
				C62E30BF2892B98A00E65EE3 /* Preview Assets.xcassets */,
			);
			path = "Preview Content";
			sourceTree = "<group>";
		};
		C62E30C82892B98A00E65EE3 /* PremierLeagueTableTests */ = {
			isa = PBXGroup;
			children = (
				C62E30C92892B98A00E65EE3 /* PremierLeagueTableTests.swift */,
			);
			path = PremierLeagueTableTests;
			sourceTree = "<group>";
		};
		C62E30D22892B98A00E65EE3 /* PremierLeagueTableUITests */ = {
			isa = PBXGroup;
			children = (
				C62E30D32892B98A00E65EE3 /* PremierLeagueTableUITests.swift */,
				C62E30D52892B98A00E65EE3 /* PremierLeagueTableUITestsLaunchTests.swift */,
			);
			path = PremierLeagueTableUITests;
			sourceTree = "<group>";
		};
		C62E30E22892B9C600E65EE3 /* Supporting Files */ = {
			isa = PBXGroup;
			children = (
				C62E30E32892BA0C00E65EE3 /* LeagueTable.json */,
				C68D2965289411C000F1B0D5 /* Poppins */,
			);
			path = "Supporting Files";
			sourceTree = "<group>";
		};
		C62E30E72892BFB000E65EE3 /* Models */ = {
			isa = PBXGroup;
			children = (
				C62E30E82892BFC100E65EE3 /* PremTeamsDTO.swift */,
				C68D29612892D47D00F1B0D5 /* PremTable.swift */,
			);
			path = Models;
			sourceTree = "<group>";
		};
		C68D2965289411C000F1B0D5 /* Poppins */ = {
			isa = PBXGroup;
			children = (
				C68D2970289411C000F1B0D5 /* OFL.txt */,
				C68D2976289411C000F1B0D5 /* Poppins-SemiBold.ttf */,
			);
			path = Poppins;
			sourceTree = "<group>";
		};
		C6FE298E289E986C006CDE2C /* Utilities */ = {
			isa = PBXGroup;
			children = (
				C6FE2997289EC295006CDE2C /* Animations */,
				C6FE298F289E9880006CDE2C /* Fonts.swift */,
				C6FE2991289E9C1C006CDE2C /* Transitions.swift */,
				C6FE2993289EAE05006CDE2C /* Colors.swift */,
			);
			path = Utilities;
			sourceTree = "<group>";
		};
		C6FE2997289EC295006CDE2C /* Animations */ = {
			isa = PBXGroup;
			children = (
				C6FE2998289EC2C2006CDE2C /* SplashShape.swift */,
			);
			path = Animations;
			sourceTree = "<group>";
		};
		C6FE299C289EF90E006CDE2C /* Views */ = {
			isa = PBXGroup;
			children = (
				C6FE299F289EF9E2006CDE2C /* ExpandButton.swift */,
				C6FE29A7289F0085006CDE2C /* FramedText.swift */,
				C6FE299D289EF925006CDE2C /* LeagueTable.swift */,
				C6FE29A1289EFA92006CDE2C /* LeagueTableHeaders.swift */,
				C6FE29A3289EFEB0006CDE2C /* LeagueTableRow.swift */,
				C6FE29A5289EFFF2006CDE2C /* RankView.swift */,
			);
			path = Views;
			sourceTree = "<group>";
		};
/* End PBXGroup section */

/* Begin PBXNativeTarget section */
		C62E30B42892B98800E65EE3 /* PremierLeagueTable */ = {
			isa = PBXNativeTarget;
			buildConfigurationList = C62E30D92892B98A00E65EE3 /* Build configuration list for PBXNativeTarget "PremierLeagueTable" */;
			buildPhases = (
				C62E30B12892B98800E65EE3 /* Sources */,
				C62E30B22892B98800E65EE3 /* Frameworks */,
				C62E30B32892B98800E65EE3 /* Resources */,
			);
			buildRules = (
			);
			dependencies = (
			);
			name = PremierLeagueTable;
			productName = PremierLeagueTable;
			productReference = C62E30B52892B98800E65EE3 /* PremierLeagueTable.app */;
			productType = "com.apple.product-type.application";
		};
		C62E30C42892B98A00E65EE3 /* PremierLeagueTableTests */ = {
			isa = PBXNativeTarget;
			buildConfigurationList = C62E30DC2892B98A00E65EE3 /* Build configuration list for PBXNativeTarget "PremierLeagueTableTests" */;
			buildPhases = (
				C62E30C12892B98A00E65EE3 /* Sources */,
				C62E30C22892B98A00E65EE3 /* Frameworks */,
				C62E30C32892B98A00E65EE3 /* Resources */,
			);
			buildRules = (
			);
			dependencies = (
				C62E30C72892B98A00E65EE3 /* PBXTargetDependency */,
			);
			name = PremierLeagueTableTests;
			productName = PremierLeagueTableTests;
			productReference = C62E30C52892B98A00E65EE3 /* PremierLeagueTableTests.xctest */;
			productType = "com.apple.product-type.bundle.unit-test";
		};
		C62E30CE2892B98A00E65EE3 /* PremierLeagueTableUITests */ = {
			isa = PBXNativeTarget;
			buildConfigurationList = C62E30DF2892B98A00E65EE3 /* Build configuration list for PBXNativeTarget "PremierLeagueTableUITests" */;
			buildPhases = (
				C62E30CB2892B98A00E65EE3 /* Sources */,
				C62E30CC2892B98A00E65EE3 /* Frameworks */,
				C62E30CD2892B98A00E65EE3 /* Resources */,
			);
			buildRules = (
			);
			dependencies = (
				C62E30D12892B98A00E65EE3 /* PBXTargetDependency */,
			);
			name = PremierLeagueTableUITests;
			productName = PremierLeagueTableUITests;
			productReference = C62E30CF2892B98A00E65EE3 /* PremierLeagueTableUITests.xctest */;
			productType = "com.apple.product-type.bundle.ui-testing";
		};
/* End PBXNativeTarget section */

/* Begin PBXProject section */
		C62E30AD2892B98800E65EE3 /* Project object */ = {
			isa = PBXProject;
			attributes = {
				BuildIndependentTargetsInParallel = 1;
				LastSwiftUpdateCheck = 1340;
				LastUpgradeCheck = 1340;
				TargetAttributes = {
					C62E30B42892B98800E65EE3 = {
						CreatedOnToolsVersion = 13.4.1;
					};
					C62E30C42892B98A00E65EE3 = {
						CreatedOnToolsVersion = 13.4.1;
						TestTargetID = C62E30B42892B98800E65EE3;
					};
					C62E30CE2892B98A00E65EE3 = {
						CreatedOnToolsVersion = 13.4.1;
						TestTargetID = C62E30B42892B98800E65EE3;
					};
				};
			};
			buildConfigurationList = C62E30B02892B98800E65EE3 /* Build configuration list for PBXProject "PremierLeagueTable" */;
			compatibilityVersion = "Xcode 13.0";
			developmentRegion = en;
			hasScannedForEncodings = 0;
			knownRegions = (
				en,
				Base,
			);
			mainGroup = C62E30AC2892B98800E65EE3;
			productRefGroup = C62E30B62892B98800E65EE3 /* Products */;
			projectDirPath = "";
			projectRoot = "";
			targets = (
				C62E30B42892B98800E65EE3 /* PremierLeagueTable */,
				C62E30C42892B98A00E65EE3 /* PremierLeagueTableTests */,
				C62E30CE2892B98A00E65EE3 /* PremierLeagueTableUITests */,
			);
		};
/* End PBXProject section */

/* Begin PBXResourcesBuildPhase section */
		C62E30B32892B98800E65EE3 /* Resources */ = {
			isa = PBXResourcesBuildPhase;
			buildActionMask = 2147483647;
			files = (
				C68D2983289411C000F1B0D5 /* OFL.txt in Resources */,
				C68D2989289411C000F1B0D5 /* Poppins-SemiBold.ttf in Resources */,
				C62E30E42892BA0C00E65EE3 /* LeagueTable.json in Resources */,
				C62E30C02892B98A00E65EE3 /* Preview Assets.xcassets in Resources */,
				C62E30BD2892B98A00E65EE3 /* Assets.xcassets in Resources */,
			);
			runOnlyForDeploymentPostprocessing = 0;
		};
		C62E30C32892B98A00E65EE3 /* Resources */ = {
			isa = PBXResourcesBuildPhase;
			buildActionMask = 2147483647;
			files = (
			);
			runOnlyForDeploymentPostprocessing = 0;
		};
		C62E30CD2892B98A00E65EE3 /* Resources */ = {
			isa = PBXResourcesBuildPhase;
			buildActionMask = 2147483647;
			files = (
			);
			runOnlyForDeploymentPostprocessing = 0;
		};
/* End PBXResourcesBuildPhase section */

/* Begin PBXSourcesBuildPhase section */
		C62E30B12892B98800E65EE3 /* Sources */ = {
			isa = PBXSourcesBuildPhase;
			buildActionMask = 2147483647;
			files = (
				C6FE29A6289EFFF2006CDE2C /* RankView.swift in Sources */,
				C6FE29A4289EFEB0006CDE2C /* LeagueTableRow.swift in Sources */,
				C68D29622892D47D00F1B0D5 /* PremTable.swift in Sources */,
				C6FE29A2289EFA92006CDE2C /* LeagueTableHeaders.swift in Sources */,
				C6FE29A8289F0085006CDE2C /* FramedText.swift in Sources */,
				C6FE2994289EAE05006CDE2C /* Colors.swift in Sources */,
				C62E30E92892BFC100E65EE3 /* PremTeamsDTO.swift in Sources */,
				C62E30BB2892B98800E65EE3 /* ContentView.swift in Sources */,
				C62E30E62892BEFA00E65EE3 /* Services.swift in Sources */,
				C6FE299E289EF925006CDE2C /* LeagueTable.swift in Sources */,
				C6FE2999289EC2C2006CDE2C /* SplashShape.swift in Sources */,
				C6FE2992289E9C1C006CDE2C /* Transitions.swift in Sources */,
				C6FE2990289E9880006CDE2C /* Fonts.swift in Sources */,
				C6FE29A0289EF9E2006CDE2C /* ExpandButton.swift in Sources */,
				C62E30B92892B98800E65EE3 /* PremierLeagueTableApp.swift in Sources */,
			);
			runOnlyForDeploymentPostprocessing = 0;
		};
		C62E30C12892B98A00E65EE3 /* Sources */ = {
			isa = PBXSourcesBuildPhase;
			buildActionMask = 2147483647;
			files = (
				C62E30CA2892B98A00E65EE3 /* PremierLeagueTableTests.swift in Sources */,
			);
			runOnlyForDeploymentPostprocessing = 0;
		};
		C62E30CB2892B98A00E65EE3 /* Sources */ = {
			isa = PBXSourcesBuildPhase;
			buildActionMask = 2147483647;
			files = (
				C62E30D42892B98A00E65EE3 /* PremierLeagueTableUITests.swift in Sources */,
				C62E30D62892B98A00E65EE3 /* PremierLeagueTableUITestsLaunchTests.swift in Sources */,
			);
			runOnlyForDeploymentPostprocessing = 0;
		};
/* End PBXSourcesBuildPhase section */

/* Begin PBXTargetDependency section */
		C62E30C72892B98A00E65EE3 /* PBXTargetDependency */ = {
			isa = PBXTargetDependency;
			target = C62E30B42892B98800E65EE3 /* PremierLeagueTable */;
			targetProxy = C62E30C62892B98A00E65EE3 /* PBXContainerItemProxy */;
		};
		C62E30D12892B98A00E65EE3 /* PBXTargetDependency */ = {
			isa = PBXTargetDependency;
			target = C62E30B42892B98800E65EE3 /* PremierLeagueTable */;
			targetProxy = C62E30D02892B98A00E65EE3 /* PBXContainerItemProxy */;
		};
/* End PBXTargetDependency section */

/* Begin XCBuildConfiguration section */
		C62E30D72892B98A00E65EE3 /* Debug */ = {
			isa = XCBuildConfiguration;
			buildSettings = {
				ALWAYS_SEARCH_USER_PATHS = NO;
				CLANG_ANALYZER_NONNULL = YES;
				CLANG_ANALYZER_NUMBER_OBJECT_CONVERSION = YES_AGGRESSIVE;
				CLANG_CXX_LANGUAGE_STANDARD = "gnu++17";
				CLANG_ENABLE_MODULES = YES;
				CLANG_ENABLE_OBJC_ARC = YES;
				CLANG_ENABLE_OBJC_WEAK = YES;
				CLANG_WARN_BLOCK_CAPTURE_AUTORELEASING = YES;
				CLANG_WARN_BOOL_CONVERSION = YES;
				CLANG_WARN_COMMA = YES;
				CLANG_WARN_CONSTANT_CONVERSION = YES;
				CLANG_WARN_DEPRECATED_OBJC_IMPLEMENTATIONS = YES;
				CLANG_WARN_DIRECT_OBJC_ISA_USAGE = YES_ERROR;
				CLANG_WARN_DOCUMENTATION_COMMENTS = YES;
				CLANG_WARN_EMPTY_BODY = YES;
				CLANG_WARN_ENUM_CONVERSION = YES;
				CLANG_WARN_INFINITE_RECURSION = YES;
				CLANG_WARN_INT_CONVERSION = YES;
				CLANG_WARN_NON_LITERAL_NULL_CONVERSION = YES;
				CLANG_WARN_OBJC_IMPLICIT_RETAIN_SELF = YES;
				CLANG_WARN_OBJC_LITERAL_CONVERSION = YES;
				CLANG_WARN_OBJC_ROOT_CLASS = YES_ERROR;
				CLANG_WARN_QUOTED_INCLUDE_IN_FRAMEWORK_HEADER = YES;
				CLANG_WARN_RANGE_LOOP_ANALYSIS = YES;
				CLANG_WARN_STRICT_PROTOTYPES = YES;
				CLANG_WARN_SUSPICIOUS_MOVE = YES;
				CLANG_WARN_UNGUARDED_AVAILABILITY = YES_AGGRESSIVE;
				CLANG_WARN_UNREACHABLE_CODE = YES;
				CLANG_WARN__DUPLICATE_METHOD_MATCH = YES;
				COPY_PHASE_STRIP = NO;
				DEBUG_INFORMATION_FORMAT = dwarf;
				ENABLE_STRICT_OBJC_MSGSEND = YES;
				ENABLE_TESTABILITY = YES;
				GCC_C_LANGUAGE_STANDARD = gnu11;
				GCC_DYNAMIC_NO_PIC = NO;
				GCC_NO_COMMON_BLOCKS = YES;
				GCC_OPTIMIZATION_LEVEL = 0;
				GCC_PREPROCESSOR_DEFINITIONS = (
					"DEBUG=1",
					"$(inherited)",
				);
				GCC_WARN_64_TO_32_BIT_CONVERSION = YES;
				GCC_WARN_ABOUT_RETURN_TYPE = YES_ERROR;
				GCC_WARN_UNDECLARED_SELECTOR = YES;
				GCC_WARN_UNINITIALIZED_AUTOS = YES_AGGRESSIVE;
				GCC_WARN_UNUSED_FUNCTION = YES;
				GCC_WARN_UNUSED_VARIABLE = YES;
				IPHONEOS_DEPLOYMENT_TARGET = 15.5;
				MTL_ENABLE_DEBUG_INFO = INCLUDE_SOURCE;
				MTL_FAST_MATH = YES;
				ONLY_ACTIVE_ARCH = YES;
				SDKROOT = iphoneos;
				SWIFT_ACTIVE_COMPILATION_CONDITIONS = DEBUG;
				SWIFT_OPTIMIZATION_LEVEL = "-Onone";
			};
			name = Debug;
		};
		C62E30D82892B98A00E65EE3 /* Release */ = {
			isa = XCBuildConfiguration;
			buildSettings = {
				ALWAYS_SEARCH_USER_PATHS = NO;
				CLANG_ANALYZER_NONNULL = YES;
				CLANG_ANALYZER_NUMBER_OBJECT_CONVERSION = YES_AGGRESSIVE;
				CLANG_CXX_LANGUAGE_STANDARD = "gnu++17";
				CLANG_ENABLE_MODULES = YES;
				CLANG_ENABLE_OBJC_ARC = YES;
				CLANG_ENABLE_OBJC_WEAK = YES;
				CLANG_WARN_BLOCK_CAPTURE_AUTORELEASING = YES;
				CLANG_WARN_BOOL_CONVERSION = YES;
				CLANG_WARN_COMMA = YES;
				CLANG_WARN_CONSTANT_CONVERSION = YES;
				CLANG_WARN_DEPRECATED_OBJC_IMPLEMENTATIONS = YES;
				CLANG_WARN_DIRECT_OBJC_ISA_USAGE = YES_ERROR;
				CLANG_WARN_DOCUMENTATION_COMMENTS = YES;
				CLANG_WARN_EMPTY_BODY = YES;
				CLANG_WARN_ENUM_CONVERSION = YES;
				CLANG_WARN_INFINITE_RECURSION = YES;
				CLANG_WARN_INT_CONVERSION = YES;
				CLANG_WARN_NON_LITERAL_NULL_CONVERSION = YES;
				CLANG_WARN_OBJC_IMPLICIT_RETAIN_SELF = YES;
				CLANG_WARN_OBJC_LITERAL_CONVERSION = YES;
				CLANG_WARN_OBJC_ROOT_CLASS = YES_ERROR;
				CLANG_WARN_QUOTED_INCLUDE_IN_FRAMEWORK_HEADER = YES;
				CLANG_WARN_RANGE_LOOP_ANALYSIS = YES;
				CLANG_WARN_STRICT_PROTOTYPES = YES;
				CLANG_WARN_SUSPICIOUS_MOVE = YES;
				CLANG_WARN_UNGUARDED_AVAILABILITY = YES_AGGRESSIVE;
				CLANG_WARN_UNREACHABLE_CODE = YES;
				CLANG_WARN__DUPLICATE_METHOD_MATCH = YES;
				COPY_PHASE_STRIP = NO;
				DEBUG_INFORMATION_FORMAT = "dwarf-with-dsym";
				ENABLE_NS_ASSERTIONS = NO;
				ENABLE_STRICT_OBJC_MSGSEND = YES;
				GCC_C_LANGUAGE_STANDARD = gnu11;
				GCC_NO_COMMON_BLOCKS = YES;
				GCC_WARN_64_TO_32_BIT_CONVERSION = YES;
				GCC_WARN_ABOUT_RETURN_TYPE = YES_ERROR;
				GCC_WARN_UNDECLARED_SELECTOR = YES;
				GCC_WARN_UNINITIALIZED_AUTOS = YES_AGGRESSIVE;
				GCC_WARN_UNUSED_FUNCTION = YES;
				GCC_WARN_UNUSED_VARIABLE = YES;
				IPHONEOS_DEPLOYMENT_TARGET = 15.5;
				MTL_ENABLE_DEBUG_INFO = NO;
				MTL_FAST_MATH = YES;
				SDKROOT = iphoneos;
				SWIFT_COMPILATION_MODE = wholemodule;
				SWIFT_OPTIMIZATION_LEVEL = "-O";
				VALIDATE_PRODUCT = YES;
			};
			name = Release;
		};
		C62E30DA2892B98A00E65EE3 /* Debug */ = {
			isa = XCBuildConfiguration;
			buildSettings = {
				ASSETCATALOG_COMPILER_APPICON_NAME = AppIcon;
				ASSETCATALOG_COMPILER_GLOBAL_ACCENT_COLOR_NAME = AccentColor;
				CODE_SIGN_STYLE = Automatic;
				CURRENT_PROJECT_VERSION = 1;
				DEVELOPMENT_ASSET_PATHS = "\"PremierLeagueTable/Preview Content\"";
				DEVELOPMENT_TEAM = V3532778TZ;
				ENABLE_PREVIEWS = YES;
				GENERATE_INFOPLIST_FILE = YES;
				INFOPLIST_FILE = PremierLeagueTable/Info.plist;
				INFOPLIST_KEY_UIApplicationSceneManifest_Generation = YES;
				INFOPLIST_KEY_UIApplicationSupportsIndirectInputEvents = YES;
				INFOPLIST_KEY_UILaunchScreen_Generation = YES;
				INFOPLIST_KEY_UISupportedInterfaceOrientations_iPad = "UIInterfaceOrientationPortrait UIInterfaceOrientationPortraitUpsideDown UIInterfaceOrientationLandscapeLeft UIInterfaceOrientationLandscapeRight";
				INFOPLIST_KEY_UISupportedInterfaceOrientations_iPhone = "UIInterfaceOrientationPortrait UIInterfaceOrientationLandscapeLeft UIInterfaceOrientationLandscapeRight";
				IPHONEOS_DEPLOYMENT_TARGET = 16.0;
				LD_RUNPATH_SEARCH_PATHS = (
					"$(inherited)",
					"@executable_path/Frameworks",
				);
				MARKETING_VERSION = 1.0;
				PRODUCT_BUNDLE_IDENTIFIER = com.moleary.PremierLeagueTable;
				PRODUCT_NAME = "$(TARGET_NAME)";
				SWIFT_EMIT_LOC_STRINGS = YES;
				SWIFT_VERSION = 5.0;
				TARGETED_DEVICE_FAMILY = "1,2";
			};
			name = Debug;
		};
		C62E30DB2892B98A00E65EE3 /* Release */ = {
			isa = XCBuildConfiguration;
			buildSettings = {
				ASSETCATALOG_COMPILER_APPICON_NAME = AppIcon;
				ASSETCATALOG_COMPILER_GLOBAL_ACCENT_COLOR_NAME = AccentColor;
				CODE_SIGN_STYLE = Automatic;
				CURRENT_PROJECT_VERSION = 1;
				DEVELOPMENT_ASSET_PATHS = "\"PremierLeagueTable/Preview Content\"";
				DEVELOPMENT_TEAM = V3532778TZ;
				ENABLE_PREVIEWS = YES;
				GENERATE_INFOPLIST_FILE = YES;
				INFOPLIST_FILE = PremierLeagueTable/Info.plist;
				INFOPLIST_KEY_UIApplicationSceneManifest_Generation = YES;
				INFOPLIST_KEY_UIApplicationSupportsIndirectInputEvents = YES;
				INFOPLIST_KEY_UILaunchScreen_Generation = YES;
				INFOPLIST_KEY_UISupportedInterfaceOrientations_iPad = "UIInterfaceOrientationPortrait UIInterfaceOrientationPortraitUpsideDown UIInterfaceOrientationLandscapeLeft UIInterfaceOrientationLandscapeRight";
				INFOPLIST_KEY_UISupportedInterfaceOrientations_iPhone = "UIInterfaceOrientationPortrait UIInterfaceOrientationLandscapeLeft UIInterfaceOrientationLandscapeRight";
				IPHONEOS_DEPLOYMENT_TARGET = 16.0;
				LD_RUNPATH_SEARCH_PATHS = (
					"$(inherited)",
					"@executable_path/Frameworks",
				);
				MARKETING_VERSION = 1.0;
				PRODUCT_BUNDLE_IDENTIFIER = com.moleary.PremierLeagueTable;
				PRODUCT_NAME = "$(TARGET_NAME)";
				SWIFT_EMIT_LOC_STRINGS = YES;
				SWIFT_VERSION = 5.0;
				TARGETED_DEVICE_FAMILY = "1,2";
			};
			name = Release;
		};
		C62E30DD2892B98A00E65EE3 /* Debug */ = {
			isa = XCBuildConfiguration;
			buildSettings = {
				ALWAYS_EMBED_SWIFT_STANDARD_LIBRARIES = YES;
				BUNDLE_LOADER = "$(TEST_HOST)";
				CODE_SIGN_STYLE = Automatic;
				CURRENT_PROJECT_VERSION = 1;
				DEVELOPMENT_TEAM = V3532778TZ;
				GENERATE_INFOPLIST_FILE = YES;
				IPHONEOS_DEPLOYMENT_TARGET = 15.5;
				MARKETING_VERSION = 1.0;
				PRODUCT_BUNDLE_IDENTIFIER = com.moleary.PremierLeagueTableTests;
				PRODUCT_NAME = "$(TARGET_NAME)";
				SWIFT_EMIT_LOC_STRINGS = NO;
				SWIFT_VERSION = 5.0;
				TARGETED_DEVICE_FAMILY = "1,2";
				TEST_HOST = "$(BUILT_PRODUCTS_DIR)/PremierLeagueTable.app/PremierLeagueTable";
			};
			name = Debug;
		};
		C62E30DE2892B98A00E65EE3 /* Release */ = {
			isa = XCBuildConfiguration;
			buildSettings = {
				ALWAYS_EMBED_SWIFT_STANDARD_LIBRARIES = YES;
				BUNDLE_LOADER = "$(TEST_HOST)";
				CODE_SIGN_STYLE = Automatic;
				CURRENT_PROJECT_VERSION = 1;
				DEVELOPMENT_TEAM = V3532778TZ;
				GENERATE_INFOPLIST_FILE = YES;
				IPHONEOS_DEPLOYMENT_TARGET = 15.5;
				MARKETING_VERSION = 1.0;
				PRODUCT_BUNDLE_IDENTIFIER = com.moleary.PremierLeagueTableTests;
				PRODUCT_NAME = "$(TARGET_NAME)";
				SWIFT_EMIT_LOC_STRINGS = NO;
				SWIFT_VERSION = 5.0;
				TARGETED_DEVICE_FAMILY = "1,2";
				TEST_HOST = "$(BUILT_PRODUCTS_DIR)/PremierLeagueTable.app/PremierLeagueTable";
			};
			name = Release;
		};
		C62E30E02892B98A00E65EE3 /* Debug */ = {
			isa = XCBuildConfiguration;
			buildSettings = {
				ALWAYS_EMBED_SWIFT_STANDARD_LIBRARIES = YES;
				CODE_SIGN_STYLE = Automatic;
				CURRENT_PROJECT_VERSION = 1;
				DEVELOPMENT_TEAM = V3532778TZ;
				GENERATE_INFOPLIST_FILE = YES;
				MARKETING_VERSION = 1.0;
				PRODUCT_BUNDLE_IDENTIFIER = com.moleary.PremierLeagueTableUITests;
				PRODUCT_NAME = "$(TARGET_NAME)";
				SWIFT_EMIT_LOC_STRINGS = NO;
				SWIFT_VERSION = 5.0;
				TARGETED_DEVICE_FAMILY = "1,2";
				TEST_TARGET_NAME = PremierLeagueTable;
			};
			name = Debug;
		};
		C62E30E12892B98A00E65EE3 /* Release */ = {
			isa = XCBuildConfiguration;
			buildSettings = {
				ALWAYS_EMBED_SWIFT_STANDARD_LIBRARIES = YES;
				CODE_SIGN_STYLE = Automatic;
				CURRENT_PROJECT_VERSION = 1;
				DEVELOPMENT_TEAM = V3532778TZ;
				GENERATE_INFOPLIST_FILE = YES;
				MARKETING_VERSION = 1.0;
				PRODUCT_BUNDLE_IDENTIFIER = com.moleary.PremierLeagueTableUITests;
				PRODUCT_NAME = "$(TARGET_NAME)";
				SWIFT_EMIT_LOC_STRINGS = NO;
				SWIFT_VERSION = 5.0;
				TARGETED_DEVICE_FAMILY = "1,2";
				TEST_TARGET_NAME = PremierLeagueTable;
			};
			name = Release;
		};
/* End XCBuildConfiguration section */

/* Begin XCConfigurationList section */
		C62E30B02892B98800E65EE3 /* Build configuration list for PBXProject "PremierLeagueTable" */ = {
			isa = XCConfigurationList;
			buildConfigurations = (
				C62E30D72892B98A00E65EE3 /* Debug */,
				C62E30D82892B98A00E65EE3 /* Release */,
			);
			defaultConfigurationIsVisible = 0;
			defaultConfigurationName = Release;
		};
		C62E30D92892B98A00E65EE3 /* Build configuration list for PBXNativeTarget "PremierLeagueTable" */ = {
			isa = XCConfigurationList;
			buildConfigurations = (
				C62E30DA2892B98A00E65EE3 /* Debug */,
				C62E30DB2892B98A00E65EE3 /* Release */,
			);
			defaultConfigurationIsVisible = 0;
			defaultConfigurationName = Release;
		};
		C62E30DC2892B98A00E65EE3 /* Build configuration list for PBXNativeTarget "PremierLeagueTableTests" */ = {
			isa = XCConfigurationList;
			buildConfigurations = (
				C62E30DD2892B98A00E65EE3 /* Debug */,
				C62E30DE2892B98A00E65EE3 /* Release */,
			);
			defaultConfigurationIsVisible = 0;
			defaultConfigurationName = Release;
		};
		C62E30DF2892B98A00E65EE3 /* Build configuration list for PBXNativeTarget "PremierLeagueTableUITests" */ = {
			isa = XCConfigurationList;
			buildConfigurations = (
				C62E30E02892B98A00E65EE3 /* Debug */,
				C62E30E12892B98A00E65EE3 /* Release */,
			);
			defaultConfigurationIsVisible = 0;
			defaultConfigurationName = Release;
		};
/* End XCConfigurationList section */
	};
	rootObject = C62E30AD2892B98800E65EE3 /* Project object */;
}
